
Microsoft Visual Studio Solution File, Format Version 12.00
# Visual Studio Version 17
VisualStudioVersion = 17.0.31903.59
MinimumVisualStudioVersion = 10.0.40219.1
Project("{2150E333-8FDC-42A3-9474-1A3956D46DE8}") = "Api", "Api", "{89677126-82E9-4DA2-933D-4CF1C3523D2F}"
EndProject
Project("{2150E333-8FDC-42A3-9474-1A3956D46DE8}") = "Domain", "Domain", "{9E774DF0-CAA1-41F5-8CAA-AC7839F72CFC}"
EndProject
Project("{2150E333-8FDC-42A3-9474-1A3956D46DE8}") = "Infrastructure", "Infrastructure", "{F217BF8C-67D0-4137-89CF-70CD734CE924}"
EndProject
Project("{2150E333-8FDC-42A3-9474-1A3956D46DE8}") = "Test", "Test", "{1B574326-9F22-4C1B-AD28-C75CFC80BE37}"
EndProject
Project("{9A19103F-16F7-4668-BE54-9A1E7A4F7556}") = "FluxoCaixa.Infrastructure", "FluxoCaixa.Infrastructure\FluxoCaixa.Infrastructure.csproj", "{B18CB8AC-AE54-421A-9EE8-DDAF2453F2D1}"
EndProject
Project("{9A19103F-16F7-4668-BE54-9A1E7A4F7556}") = "FluxoCaixa.Infrastructure.Data", "FluxoCaixa.Infrastructure.Data\FluxoCaixa.Infrastructure.Data.csproj", "{6EF6CFDD-10E7-44D2-99D3-0EEF675F3681}"
EndProject
Project("{9A19103F-16F7-4668-BE54-9A1E7A4F7556}") = "FluxoCaixa.Domain", "FluxoCaixa.Domain\FluxoCaixa.Domain.csproj", "{E51A64AF-8BFB-4D92-9A19-716658ADA98B}"
EndProject
Project("{9A19103F-16F7-4668-BE54-9A1E7A4F7556}") = "FluxoCaixa.Api", "FluxoCaixa.Api\FluxoCaixa.Api.csproj", "{DF55A242-2FC1-48FC-9330-14518BEB328A}"
EndProject
Project("{9A19103F-16F7-4668-BE54-9A1E7A4F7556}") = "FluxoCaixa.Test", "FluxoCaixa.Test\FluxoCaixa.Test.csproj", "{DC082571-8EAE-4D4D-BC59-4CB6AD35647C}"
EndProject
Project("{9A19103F-16F7-4668-BE54-9A1E7A4F7556}") = "FluxoCaixa.CashIn.Api", "FluxoCaixa.CashIn.Api\FluxoCaixa.CashIn.Api.csproj", "{3D06F815-6BEE-40C4-86AA-00B9392EDB35}"
EndProject
Project("{9A19103F-16F7-4668-BE54-9A1E7A4F7556}") = "FluxoCaixa.CashOut.Api", "FluxoCaixa.CashOut.Api\FluxoCaixa.CashOut.Api.csproj", "{F0BB407E-FAFB-4AB0-B488-B30C43CEBFD2}"
EndProject
Global
	GlobalSection(SolutionConfigurationPlatforms) = preSolution
		Debug|Any CPU = Debug|Any CPU
		Release|Any CPU = Release|Any CPU
	EndGlobalSection
	GlobalSection(ProjectConfigurationPlatforms) = postSolution
		{B18CB8AC-AE54-421A-9EE8-DDAF2453F2D1}.Debug|Any CPU.ActiveCfg = Debug|Any CPU
		{B18CB8AC-AE54-421A-9EE8-DDAF2453F2D1}.Debug|Any CPU.Build.0 = Debug|Any CPU
		{B18CB8AC-AE54-421A-9EE8-DDAF2453F2D1}.Release|Any CPU.ActiveCfg = Release|Any CPU
		{B18CB8AC-AE54-421A-9EE8-DDAF2453F2D1}.Release|Any CPU.Build.0 = Release|Any CPU
		{6EF6CFDD-10E7-44D2-99D3-0EEF675F3681}.Debug|Any CPU.ActiveCfg = Debug|Any CPU
		{6EF6CFDD-10E7-44D2-99D3-0EEF675F3681}.Debug|Any CPU.Build.0 = Debug|Any CPU
		{6EF6CFDD-10E7-44D2-99D3-0EEF675F3681}.Release|Any CPU.ActiveCfg = Release|Any CPU
		{6EF6CFDD-10E7-44D2-99D3-0EEF675F3681}.Release|Any CPU.Build.0 = Release|Any CPU
		{E51A64AF-8BFB-4D92-9A19-716658ADA98B}.Debug|Any CPU.ActiveCfg = Debug|Any CPU
		{E51A64AF-8BFB-4D92-9A19-716658ADA98B}.Debug|Any CPU.Build.0 = Debug|Any CPU
		{E51A64AF-8BFB-4D92-9A19-716658ADA98B}.Release|Any CPU.ActiveCfg = Release|Any CPU
		{E51A64AF-8BFB-4D92-9A19-716658ADA98B}.Release|Any CPU.Build.0 = Release|Any CPU
		{DF55A242-2FC1-48FC-9330-14518BEB328A}.Debug|Any CPU.ActiveCfg = Debug|Any CPU
		{DF55A242-2FC1-48FC-9330-14518BEB328A}.Debug|Any CPU.Build.0 = Debug|Any CPU
		{DF55A242-2FC1-48FC-9330-14518BEB328A}.Release|Any CPU.ActiveCfg = Release|Any CPU
		{DF55A242-2FC1-48FC-9330-14518BEB328A}.Release|Any CPU.Build.0 = Release|Any CPU
		{DC082571-8EAE-4D4D-BC59-4CB6AD35647C}.Debug|Any CPU.ActiveCfg = Debug|Any CPU
		{DC082571-8EAE-4D4D-BC59-4CB6AD35647C}.Debug|Any CPU.Build.0 = Debug|Any CPU
		{DC082571-8EAE-4D4D-BC59-4CB6AD35647C}.Release|Any CPU.ActiveCfg = Release|Any CPU
		{DC082571-8EAE-4D4D-BC59-4CB6AD35647C}.Release|Any CPU.Build.0 = Release|Any CPU
		{3D06F815-6BEE-40C4-86AA-00B9392EDB35}.Debug|Any CPU.ActiveCfg = Debug|Any CPU
		{3D06F815-6BEE-40C4-86AA-00B9392EDB35}.Debug|Any CPU.Build.0 = Debug|Any CPU
		{3D06F815-6BEE-40C4-86AA-00B9392EDB35}.Release|Any CPU.ActiveCfg = Release|Any CPU
		{3D06F815-6BEE-40C4-86AA-00B9392EDB35}.Release|Any CPU.Build.0 = Release|Any CPU
		{F0BB407E-FAFB-4AB0-B488-B30C43CEBFD2}.Debug|Any CPU.ActiveCfg = Debug|Any CPU
		{F0BB407E-FAFB-4AB0-B488-B30C43CEBFD2}.Debug|Any CPU.Build.0 = Debug|Any CPU
		{F0BB407E-FAFB-4AB0-B488-B30C43CEBFD2}.Release|Any CPU.ActiveCfg = Release|Any CPU
		{F0BB407E-FAFB-4AB0-B488-B30C43CEBFD2}.Release|Any CPU.Build.0 = Release|Any CPU
	EndGlobalSection
	GlobalSection(SolutionProperties) = preSolution
		HideSolutionNode = FALSE
	EndGlobalSection
	GlobalSection(NestedProjects) = preSolution
		{B18CB8AC-AE54-421A-9EE8-DDAF2453F2D1} = {F217BF8C-67D0-4137-89CF-70CD734CE924}
		{6EF6CFDD-10E7-44D2-99D3-0EEF675F3681} = {F217BF8C-67D0-4137-89CF-70CD734CE924}
		{E51A64AF-8BFB-4D92-9A19-716658ADA98B} = {9E774DF0-CAA1-41F5-8CAA-AC7839F72CFC}
		{DF55A242-2FC1-48FC-9330-14518BEB328A} = {89677126-82E9-4DA2-933D-4CF1C3523D2F}
		{DC082571-8EAE-4D4D-BC59-4CB6AD35647C} = {1B574326-9F22-4C1B-AD28-C75CFC80BE37}
		{3D06F815-6BEE-40C4-86AA-00B9392EDB35} = {89677126-82E9-4DA2-933D-4CF1C3523D2F}
		{F0BB407E-FAFB-4AB0-B488-B30C43CEBFD2} = {89677126-82E9-4DA2-933D-4CF1C3523D2F}
	EndGlobalSection
	GlobalSection(ExtensibilityGlobals) = postSolution
		SolutionGuid = {2500A9B1-603C-4366-A785-EBD181AB276E}
	EndGlobalSection
EndGlobal
